
Microsoft Visual Studio Solution File, Format Version 12.00
# Visual Studio Version 17
VisualStudioVersion = 17.14.36705.20 d17.14
MinimumVisualStudioVersion = 10.0.40219.1
Project("{FAE04EC0-301F-11D3-BF4B-00C04F79EFBC}") = "StudentService", "StudentService\StudentService.csproj", "{B3BF9207-BF88-4025-A8D3-70391875E916}"
EndProject
Project("{FAE04EC0-301F-11D3-BF4B-00C04F79EFBC}") = "CourseService", "CourseService\CourseService.csproj", "{12684306-8FF0-4164-82B2-8CCF458E282E}"
EndProject
Project("{FAE04EC0-301F-11D3-BF4B-00C04F79EFBC}") = "ApiGateway", "ApiGateway\ApiGateway.csproj", "{B5B2BCBF-2706-4A98-92CF-12FE4878E8C0}"
EndProject
Global
	GlobalSection(SolutionConfigurationPlatforms) = preSolution
		Debug|Any CPU = Debug|Any CPU
		Release|Any CPU = Release|Any CPU
	EndGlobalSection
	GlobalSection(ProjectConfigurationPlatforms) = postSolution
		{B3BF9207-BF88-4025-A8D3-70391875E916}.Debug|Any CPU.ActiveCfg = Debug|Any CPU
		{B3BF9207-BF88-4025-A8D3-70391875E916}.Debug|Any CPU.Build.0 = Debug|Any CPU
		{B3BF9207-BF88-4025-A8D3-70391875E916}.Release|Any CPU.ActiveCfg = Release|Any CPU
		{B3BF9207-BF88-4025-A8D3-70391875E916}.Release|Any CPU.Build.0 = Release|Any CPU
		{12684306-8FF0-4164-82B2-8CCF458E282E}.Debug|Any CPU.ActiveCfg = Debug|Any CPU
		{12684306-8FF0-4164-82B2-8CCF458E282E}.Debug|Any CPU.Build.0 = Debug|Any CPU
		{12684306-8FF0-4164-82B2-8CCF458E282E}.Release|Any CPU.ActiveCfg = Release|Any CPU
		{12684306-8FF0-4164-82B2-8CCF458E282E}.Release|Any CPU.Build.0 = Release|Any CPU
		{B5B2BCBF-2706-4A98-92CF-12FE4878E8C0}.Debug|Any CPU.ActiveCfg = Debug|Any CPU
		{B5B2BCBF-2706-4A98-92CF-12FE4878E8C0}.Debug|Any CPU.Build.0 = Debug|Any CPU
		{B5B2BCBF-2706-4A98-92CF-12FE4878E8C0}.Release|Any CPU.ActiveCfg = Release|Any CPU
		{B5B2BCBF-2706-4A98-92CF-12FE4878E8C0}.Release|Any CPU.Build.0 = Release|Any CPU
	EndGlobalSection
	GlobalSection(SolutionProperties) = preSolution
		HideSolutionNode = FALSE
	EndGlobalSection
	GlobalSection(ExtensibilityGlobals) = postSolution
		SolutionGuid = {4DE65817-4F4E-47FB-9228-B2B33776B90A}
	EndGlobalSection
EndGlobal
